{
  "name": "Automatic-verificator-of-HTML-and-MD",
  "lockfileVersion": 2,
  "requires": true,
  "packages": {
    "": {
      "dependencies": {
        "@ls-lint/ls-lint": "^1.10.0"
      }
    },
    "node_modules/@ls-lint/ls-lint": {
      "version": "1.10.0",
      "resolved": "https://registry.npmjs.org/@ls-lint/ls-lint/-/ls-lint-1.10.0.tgz",
      "integrity": "sha512-C1vrI8zFp/28CiqCQHtfu/GqUg2iLYZqtlJHCYfqlg6OJopv7lHAPS0rzk06Ev1121yj4Gi/GmXMBlF+j35DcQ==",
      "cpu": [
        "x64",
        "arm64"
      ],
      "os": [
        "darwin",
        "linux",
        "win32"
      ],
      "bin": {
        "ls-lint": "bin/cli.js"
      }
    }
  },
  "dependencies": {
    "@ls-lint/ls-lint": {
      "version": "1.10.0",
      "resolved": "https://registry.npmjs.org/@ls-lint/ls-lint/-/ls-lint-1.10.0.tgz",
      "integrity": "sha512-C1vrI8zFp/28CiqCQHtfu/GqUg2iLYZqtlJHCYfqlg6OJopv7lHAPS0rzk06Ev1121yj4Gi/GmXMBlF+j35DcQ=="
    }
  }
}
